
Microsoft Visual Studio Solution File, Format Version 12.00
# Visual Studio Version 17
VisualStudioVersion = 17.11.35327.3
MinimumVisualStudioVersion = 10.0.40219.1
Project("{9A19103F-16F7-4668-BE54-9A1E7A4F7556}") = "EShopService", "EShopService\EShopService.csproj", "{F631BCFD-09DA-471F-8B54-6554825BC601}"
EndProject
Project("{9A19103F-16F7-4668-BE54-9A1E7A4F7556}") = "EShop.Application", "EShop.Application\EShop.Application.csproj", "{461C912D-988D-44CC-A760-D3AF500FC037}"
EndProject
Project("{9A19103F-16F7-4668-BE54-9A1E7A4F7556}") = "Eshop.Application.Tests", "Eshop.Application.Tests\Eshop.Application.Tests.csproj", "{8FB86257-F402-40F8-9BEE-6D14E697B669}"
	ProjectSection(ProjectDependencies) = postProject
		{61189204-4C4C-4A24-9C6E-3B95D42F47B1} = {61189204-4C4C-4A24-9C6E-3B95D42F47B1}
	EndProjectSection
EndProject
Project("{9A19103F-16F7-4668-BE54-9A1E7A4F7556}") = "EShop.Domain", "EShop.Domain\EShop.Domain.csproj", "{61189204-4C4C-4A24-9C6E-3B95D42F47B1}"
EndProject
Project("{9A19103F-16F7-4668-BE54-9A1E7A4F7556}") = "Eshop.Domain.Tests", "Eshop.Domain.Tests\Eshop.Domain.Tests.csproj", "{2F93057A-2548-46BF-8DA3-3BC55A413263}"
EndProject
Project("{FAE04EC0-301F-11D3-BF4B-00C04F79EFBC}") = "UserService", "UserService\UserService.csproj", "{AD2684FF-A8B3-4695-8D8B-E468EEAE92C0}"
EndProject
Project("{FAE04EC0-301F-11D3-BF4B-00C04F79EFBC}") = "User.Domain", "User.Domain\User.Domain.csproj", "{9FD32144-CED7-4097-B57D-3261751DF3C3}"
EndProject
Project("{2150E333-8FDC-42A3-9474-1A3956D46DE8}") = "User", "User", "{05BA2C17-479A-411C-905C-6081AFF3968A}"
EndProject
Project("{2150E333-8FDC-42A3-9474-1A3956D46DE8}") = "EShop", "EShop", "{341EE9F4-5D52-4FBA-A82A-7FBA21372AE1}"
EndProject
Project("{FAE04EC0-301F-11D3-BF4B-00C04F79EFBC}") = "User.Application", "User.Application\User.Application.csproj", "{7B2E6DC3-5AFC-4C03-9AF5-3369F30CC8E9}"
EndProject
Project("{2150E333-8FDC-42A3-9474-1A3956D46DE8}") = "Data", "Data", "{E187D661-C023-4A95-A836-3CC9FFE45A7B}"
	ProjectSection(SolutionItems) = preProject
		private.key = private.key
		public.key = public.key
	EndProjectSection
EndProject
Global
	GlobalSection(SolutionConfigurationPlatforms) = preSolution
		Debug|Any CPU = Debug|Any CPU
		Release|Any CPU = Release|Any CPU
	EndGlobalSection
	GlobalSection(ProjectConfigurationPlatforms) = postSolution
		{F631BCFD-09DA-471F-8B54-6554825BC601}.Debug|Any CPU.ActiveCfg = Debug|Any CPU
		{F631BCFD-09DA-471F-8B54-6554825BC601}.Debug|Any CPU.Build.0 = Debug|Any CPU
		{F631BCFD-09DA-471F-8B54-6554825BC601}.Release|Any CPU.ActiveCfg = Release|Any CPU
		{F631BCFD-09DA-471F-8B54-6554825BC601}.Release|Any CPU.Build.0 = Release|Any CPU
		{461C912D-988D-44CC-A760-D3AF500FC037}.Debug|Any CPU.ActiveCfg = Debug|Any CPU
		{461C912D-988D-44CC-A760-D3AF500FC037}.Debug|Any CPU.Build.0 = Debug|Any CPU
		{461C912D-988D-44CC-A760-D3AF500FC037}.Release|Any CPU.ActiveCfg = Release|Any CPU
		{461C912D-988D-44CC-A760-D3AF500FC037}.Release|Any CPU.Build.0 = Release|Any CPU
		{8FB86257-F402-40F8-9BEE-6D14E697B669}.Debug|Any CPU.ActiveCfg = Debug|Any CPU
		{8FB86257-F402-40F8-9BEE-6D14E697B669}.Debug|Any CPU.Build.0 = Debug|Any CPU
		{8FB86257-F402-40F8-9BEE-6D14E697B669}.Release|Any CPU.ActiveCfg = Release|Any CPU
		{8FB86257-F402-40F8-9BEE-6D14E697B669}.Release|Any CPU.Build.0 = Release|Any CPU
		{61189204-4C4C-4A24-9C6E-3B95D42F47B1}.Debug|Any CPU.ActiveCfg = Debug|Any CPU
		{61189204-4C4C-4A24-9C6E-3B95D42F47B1}.Debug|Any CPU.Build.0 = Debug|Any CPU
		{61189204-4C4C-4A24-9C6E-3B95D42F47B1}.Release|Any CPU.ActiveCfg = Release|Any CPU
		{61189204-4C4C-4A24-9C6E-3B95D42F47B1}.Release|Any CPU.Build.0 = Release|Any CPU
		{2F93057A-2548-46BF-8DA3-3BC55A413263}.Debug|Any CPU.ActiveCfg = Debug|Any CPU
		{2F93057A-2548-46BF-8DA3-3BC55A413263}.Debug|Any CPU.Build.0 = Debug|Any CPU
		{2F93057A-2548-46BF-8DA3-3BC55A413263}.Release|Any CPU.ActiveCfg = Release|Any CPU
		{2F93057A-2548-46BF-8DA3-3BC55A413263}.Release|Any CPU.Build.0 = Release|Any CPU
		{AD2684FF-A8B3-4695-8D8B-E468EEAE92C0}.Debug|Any CPU.ActiveCfg = Debug|Any CPU
		{AD2684FF-A8B3-4695-8D8B-E468EEAE92C0}.Debug|Any CPU.Build.0 = Debug|Any CPU
		{AD2684FF-A8B3-4695-8D8B-E468EEAE92C0}.Release|Any CPU.ActiveCfg = Release|Any CPU
		{AD2684FF-A8B3-4695-8D8B-E468EEAE92C0}.Release|Any CPU.Build.0 = Release|Any CPU
		{9FD32144-CED7-4097-B57D-3261751DF3C3}.Debug|Any CPU.ActiveCfg = Debug|Any CPU
		{9FD32144-CED7-4097-B57D-3261751DF3C3}.Debug|Any CPU.Build.0 = Debug|Any CPU
		{9FD32144-CED7-4097-B57D-3261751DF3C3}.Release|Any CPU.ActiveCfg = Release|Any CPU
		{9FD32144-CED7-4097-B57D-3261751DF3C3}.Release|Any CPU.Build.0 = Release|Any CPU
		{7B2E6DC3-5AFC-4C03-9AF5-3369F30CC8E9}.Debug|Any CPU.ActiveCfg = Debug|Any CPU
		{7B2E6DC3-5AFC-4C03-9AF5-3369F30CC8E9}.Debug|Any CPU.Build.0 = Debug|Any CPU
		{7B2E6DC3-5AFC-4C03-9AF5-3369F30CC8E9}.Release|Any CPU.ActiveCfg = Release|Any CPU
		{7B2E6DC3-5AFC-4C03-9AF5-3369F30CC8E9}.Release|Any CPU.Build.0 = Release|Any CPU
	EndGlobalSection
	GlobalSection(SolutionProperties) = preSolution
		HideSolutionNode = FALSE
	EndGlobalSection
	GlobalSection(NestedProjects) = preSolution
		{F631BCFD-09DA-471F-8B54-6554825BC601} = {341EE9F4-5D52-4FBA-A82A-7FBA21372AE1}
		{461C912D-988D-44CC-A760-D3AF500FC037} = {341EE9F4-5D52-4FBA-A82A-7FBA21372AE1}
		{8FB86257-F402-40F8-9BEE-6D14E697B669} = {341EE9F4-5D52-4FBA-A82A-7FBA21372AE1}
		{61189204-4C4C-4A24-9C6E-3B95D42F47B1} = {341EE9F4-5D52-4FBA-A82A-7FBA21372AE1}
		{2F93057A-2548-46BF-8DA3-3BC55A413263} = {341EE9F4-5D52-4FBA-A82A-7FBA21372AE1}
		{AD2684FF-A8B3-4695-8D8B-E468EEAE92C0} = {05BA2C17-479A-411C-905C-6081AFF3968A}
		{9FD32144-CED7-4097-B57D-3261751DF3C3} = {05BA2C17-479A-411C-905C-6081AFF3968A}
		{7B2E6DC3-5AFC-4C03-9AF5-3369F30CC8E9} = {05BA2C17-479A-411C-905C-6081AFF3968A}
	EndGlobalSection
	GlobalSection(ExtensibilityGlobals) = postSolution
		SolutionGuid = {4F20959E-59F1-47AC-90A9-A0CC333389A2}
	EndGlobalSection
EndGlobal
